
Microsoft Visual Studio Solution File, Format Version 12.00
# Visual Studio Version 16
VisualStudioVersion = 16.0.29920.165
MinimumVisualStudioVersion = 10.0.40219.1
Project("{FAE04EC0-301F-11D3-BF4B-00C04F79EFBC}") = "VirtualDars.Quiz.Backend", "VirtualDars.Quiz.Backend\VirtualDars.Quiz.Backend.csproj", "{F218460F-46DF-4898-A4A9-3CF08CA4E854}"
EndProject
Global
	GlobalSection(SolutionConfigurationPlatforms) = preSolution
		Debug|Any CPU = Debug|Any CPU
		Release|Any CPU = Release|Any CPU
	EndGlobalSection
	GlobalSection(ProjectConfigurationPlatforms) = postSolution
		{F218460F-46DF-4898-A4A9-3CF08CA4E854}.Debug|Any CPU.ActiveCfg = Debug|Any CPU
		{F218460F-46DF-4898-A4A9-3CF08CA4E854}.Debug|Any CPU.Build.0 = Debug|Any CPU
		{F218460F-46DF-4898-A4A9-3CF08CA4E854}.Release|Any CPU.ActiveCfg = Release|Any CPU
		{F218460F-46DF-4898-A4A9-3CF08CA4E854}.Release|Any CPU.Build.0 = Release|Any CPU
	EndGlobalSection
	GlobalSection(SolutionProperties) = preSolution
		HideSolutionNode = FALSE
	EndGlobalSection
	GlobalSection(ExtensibilityGlobals) = postSolution
		SolutionGuid = {C4760C86-29E8-42EC-9889-AEF861DE42BE}
	EndGlobalSection
EndGlobal
